{
  "version": "2",
  "remote": {},
  "npm": {
    "specifiers": {
      "gql-query": "gql-query@1.0.2",
      "gql-query-builder": "gql-query-builder@3.8.0"
    },
    "packages": {
      "gql-query-builder@3.8.0": {
        "integrity": "sha512-q0PncZTrLDeyiH4R7YH1ISM+XGB4NvQ8eTm/Wr/sHSuquFZvqvDpGyMhbgoCZDc8kNAK8GOdfh3nI2GCLREFvw==",
        "dependencies": {}
      },
      "gql-query@1.0.2": {
        "integrity": "sha512-7H1NAvm4uzEDS5z1XexBIu6USIVJXUQ0AAITxFCKC1JcVMHfyVenNXlrp688xzcHLpTgwq0/5yamBxpBaXHIQA==",
        "dependencies": {}
      }
    }
  }
}
